// !$*UTF8*$!
{
	archiveVersion = 1;
	classes = {
	};
	objectVersion = 52;
	objects = {

/* Begin PBXBuildFile section */
		000F362D08BEB5FA5C65775D /* Pods_FlixsterTests.framework in Frameworks */ = {isa = PBXBuildFile; fileRef = BA52048CC19EE9A66BA5A37D /* Pods_FlixsterTests.framework */; };
		04428B0026979A5300DEB5B1 /* AppDelegate.swift in Sources */ = {isa = PBXBuildFile; fileRef = 04428AFF26979A5300DEB5B1 /* AppDelegate.swift */; };
		04428B0226979A5300DEB5B1 /* SceneDelegate.swift in Sources */ = {isa = PBXBuildFile; fileRef = 04428B0126979A5300DEB5B1 /* SceneDelegate.swift */; };
		04428B0726979A5300DEB5B1 /* Main.storyboard in Resources */ = {isa = PBXBuildFile; fileRef = 04428B0526979A5300DEB5B1 /* Main.storyboard */; };
		04428B0926979A5400DEB5B1 /* Assets.xcassets in Resources */ = {isa = PBXBuildFile; fileRef = 04428B0826979A5400DEB5B1 /* Assets.xcassets */; };
		04428B0C26979A5400DEB5B1 /* LaunchScreen.storyboard in Resources */ = {isa = PBXBuildFile; fileRef = 04428B0A26979A5400DEB5B1 /* LaunchScreen.storyboard */; };
		04428B1726979A5400DEB5B1 /* FlixsterTests.swift in Sources */ = {isa = PBXBuildFile; fileRef = 04428B1626979A5400DEB5B1 /* FlixsterTests.swift */; };
		04428B2226979A5400DEB5B1 /* FlixsterUITests.swift in Sources */ = {isa = PBXBuildFile; fileRef = 04428B2126979A5400DEB5B1 /* FlixsterUITests.swift */; };
		04428B302698F37B00DEB5B1 /* MoviesViewController.swift in Sources */ = {isa = PBXBuildFile; fileRef = 04428B2F2698F37B00DEB5B1 /* MoviesViewController.swift */; };
		04428B322698FB5500DEB5B1 /* MovieCell.swift in Sources */ = {isa = PBXBuildFile; fileRef = 04428B312698FB5500DEB5B1 /* MovieCell.swift */; };
		04428B352698FE1B00DEB5B1 /* AlamofireImage in Frameworks */ = {isa = PBXBuildFile; productRef = 04428B342698FE1B00DEB5B1 /* AlamofireImage */; };
		6A64D90D22196CDC40903D73 /* Pods_Flixster.framework in Frameworks */ = {isa = PBXBuildFile; fileRef = ACF9DCB95525879A4253D0D8 /* Pods_Flixster.framework */; };
		A77690DBF2AB0ABCD5E2E38D /* Pods_Flixster_FlixsterUITests.framework in Frameworks */ = {isa = PBXBuildFile; fileRef = 3B5616F258E8C60C55897343 /* Pods_Flixster_FlixsterUITests.framework */; };
/* End PBXBuildFile section */

/* Begin PBXContainerItemProxy section */
		04428B1326979A5400DEB5B1 /* PBXContainerItemProxy */ = {
			isa = PBXContainerItemProxy;
			containerPortal = 04428AF426979A5300DEB5B1 /* Project object */;
			proxyType = 1;
			remoteGlobalIDString = 04428AFB26979A5300DEB5B1;
			remoteInfo = Flixster;
		};
		04428B1E26979A5400DEB5B1 /* PBXContainerItemProxy */ = {
			isa = PBXContainerItemProxy;
			containerPortal = 04428AF426979A5300DEB5B1 /* Project object */;
			proxyType = 1;
			remoteGlobalIDString = 04428AFB26979A5300DEB5B1;
			remoteInfo = Flixster;
		};
/* End PBXContainerItemProxy section */

/* Begin PBXFileReference section */
		04428AFC26979A5300DEB5B1 /* Flixster.app */ = {isa = PBXFileReference; explicitFileType = wrapper.application; includeInIndex = 0; path = Flixster.app; sourceTree = BUILT_PRODUCTS_DIR; };
		04428AFF26979A5300DEB5B1 /* AppDelegate.swift */ = {isa = PBXFileReference; lastKnownFileType = sourcecode.swift; path = AppDelegate.swift; sourceTree = "<group>"; };
		04428B0126979A5300DEB5B1 /* SceneDelegate.swift */ = {isa = PBXFileReference; lastKnownFileType = sourcecode.swift; path = SceneDelegate.swift; sourceTree = "<group>"; };
		04428B0626979A5300DEB5B1 /* Base */ = {isa = PBXFileReference; lastKnownFileType = file.storyboard; name = Base; path = Base.lproj/Main.storyboard; sourceTree = "<group>"; };
		04428B0826979A5400DEB5B1 /* Assets.xcassets */ = {isa = PBXFileReference; lastKnownFileType = folder.assetcatalog; path = Assets.xcassets; sourceTree = "<group>"; };
		04428B0B26979A5400DEB5B1 /* Base */ = {isa = PBXFileReference; lastKnownFileType = file.storyboard; name = Base; path = Base.lproj/LaunchScreen.storyboard; sourceTree = "<group>"; };
		04428B0D26979A5400DEB5B1 /* Info.plist */ = {isa = PBXFileReference; lastKnownFileType = text.plist.xml; path = Info.plist; sourceTree = "<group>"; };
		04428B1226979A5400DEB5B1 /* FlixsterTests.xctest */ = {isa = PBXFileReference; explicitFileType = wrapper.cfbundle; includeInIndex = 0; path = FlixsterTests.xctest; sourceTree = BUILT_PRODUCTS_DIR; };
		04428B1626979A5400DEB5B1 /* FlixsterTests.swift */ = {isa = PBXFileReference; lastKnownFileType = sourcecode.swift; path = FlixsterTests.swift; sourceTree = "<group>"; };
		04428B1826979A5400DEB5B1 /* Info.plist */ = {isa = PBXFileReference; lastKnownFileType = text.plist.xml; path = Info.plist; sourceTree = "<group>"; };
		04428B1D26979A5400DEB5B1 /* FlixsterUITests.xctest */ = {isa = PBXFileReference; explicitFileType = wrapper.cfbundle; includeInIndex = 0; path = FlixsterUITests.xctest; sourceTree = BUILT_PRODUCTS_DIR; };
		04428B2126979A5400DEB5B1 /* FlixsterUITests.swift */ = {isa = PBXFileReference; lastKnownFileType = sourcecode.swift; path = FlixsterUITests.swift; sourceTree = "<group>"; };
		04428B2326979A5400DEB5B1 /* Info.plist */ = {isa = PBXFileReference; lastKnownFileType = text.plist.xml; path = Info.plist; sourceTree = "<group>"; };
		04428B2F2698F37B00DEB5B1 /* MoviesViewController.swift */ = {isa = PBXFileReference; lastKnownFileType = sourcecode.swift; path = MoviesViewController.swift; sourceTree = "<group>"; };
		04428B312698FB5500DEB5B1 /* MovieCell.swift */ = {isa = PBXFileReference; lastKnownFileType = sourcecode.swift; path = MovieCell.swift; sourceTree = "<group>"; };
		05201354D826A8BFDC709FE8 /* Pods-Flixster.release.xcconfig */ = {isa = PBXFileReference; includeInIndex = 1; lastKnownFileType = text.xcconfig; name = "Pods-Flixster.release.xcconfig"; path = "Target Support Files/Pods-Flixster/Pods-Flixster.release.xcconfig"; sourceTree = "<group>"; };
		12A9782B31DA43B8829032C1 /* Pods-Flixster.debug.xcconfig */ = {isa = PBXFileReference; includeInIndex = 1; lastKnownFileType = text.xcconfig; name = "Pods-Flixster.debug.xcconfig"; path = "Target Support Files/Pods-Flixster/Pods-Flixster.debug.xcconfig"; sourceTree = "<group>"; };
		3B5616F258E8C60C55897343 /* Pods_Flixster_FlixsterUITests.framework */ = {isa = PBXFileReference; explicitFileType = wrapper.framework; includeInIndex = 0; path = Pods_Flixster_FlixsterUITests.framework; sourceTree = BUILT_PRODUCTS_DIR; };
		4B823F4EF25201266E99BB9F /* Pods-Flixster-FlixsterUITests.release.xcconfig */ = {isa = PBXFileReference; includeInIndex = 1; lastKnownFileType = text.xcconfig; name = "Pods-Flixster-FlixsterUITests.release.xcconfig"; path = "Target Support Files/Pods-Flixster-FlixsterUITests/Pods-Flixster-FlixsterUITests.release.xcconfig"; sourceTree = "<group>"; };
		ACF9DCB95525879A4253D0D8 /* Pods_Flixster.framework */ = {isa = PBXFileReference; explicitFileType = wrapper.framework; includeInIndex = 0; path = Pods_Flixster.framework; sourceTree = BUILT_PRODUCTS_DIR; };
		BA52048CC19EE9A66BA5A37D /* Pods_FlixsterTests.framework */ = {isa = PBXFileReference; explicitFileType = wrapper.framework; includeInIndex = 0; path = Pods_FlixsterTests.framework; sourceTree = BUILT_PRODUCTS_DIR; };
		E006557D1B5E1EEEC34DC0AB /* Pods-FlixsterTests.release.xcconfig */ = {isa = PBXFileReference; includeInIndex = 1; lastKnownFileType = text.xcconfig; name = "Pods-FlixsterTests.release.xcconfig"; path = "Target Support Files/Pods-FlixsterTests/Pods-FlixsterTests.release.xcconfig"; sourceTree = "<group>"; };
		F2BB6E766AE21E75200403DA /* Pods-Flixster-FlixsterUITests.debug.xcconfig */ = {isa = PBXFileReference; includeInIndex = 1; lastKnownFileType = text.xcconfig; name = "Pods-Flixster-FlixsterUITests.debug.xcconfig"; path = "Target Support Files/Pods-Flixster-FlixsterUITests/Pods-Flixster-FlixsterUITests.debug.xcconfig"; sourceTree = "<group>"; };
		F550C5B839A7E5FBC6CC509E /* Pods-FlixsterTests.debug.xcconfig */ = {isa = PBXFileReference; includeInIndex = 1; lastKnownFileType = text.xcconfig; name = "Pods-FlixsterTests.debug.xcconfig"; path = "Target Support Files/Pods-FlixsterTests/Pods-FlixsterTests.debug.xcconfig"; sourceTree = "<group>"; };
/* End PBXFileReference section */

/* Begin PBXFrameworksBuildPhase section */
		04428AF926979A5300DEB5B1 /* Frameworks */ = {
			isa = PBXFrameworksBuildPhase;
			buildActionMask = 2147483647;
			files = (
				04428B352698FE1B00DEB5B1 /* AlamofireImage in Frameworks */,
				6A64D90D22196CDC40903D73 /* Pods_Flixster.framework in Frameworks */,
			);
			runOnlyForDeploymentPostprocessing = 0;
		};
		04428B0F26979A5400DEB5B1 /* Frameworks */ = {
			isa = PBXFrameworksBuildPhase;
			buildActionMask = 2147483647;
			files = (
				000F362D08BEB5FA5C65775D /* Pods_FlixsterTests.framework in Frameworks */,
			);
			runOnlyForDeploymentPostprocessing = 0;
		};
		04428B1A26979A5400DEB5B1 /* Frameworks */ = {
			isa = PBXFrameworksBuildPhase;
			buildActionMask = 2147483647;
			files = (
				A77690DBF2AB0ABCD5E2E38D /* Pods_Flixster_FlixsterUITests.framework in Frameworks */,
			);
			runOnlyForDeploymentPostprocessing = 0;
		};
/* End PBXFrameworksBuildPhase section */

/* Begin PBXGroup section */
		04428AF326979A5300DEB5B1 = {
			isa = PBXGroup;
			children = (
				04428AFE26979A5300DEB5B1 /* Flixster */,
				04428B1526979A5400DEB5B1 /* FlixsterTests */,
				04428B2026979A5400DEB5B1 /* FlixsterUITests */,
				04428AFD26979A5300DEB5B1 /* Products */,
				F00F4AD384FB5B9C10D9D13B /* Pods */,
				4899E4506F59322EB24AD540 /* Frameworks */,
			);
			sourceTree = "<group>";
		};
		04428AFD26979A5300DEB5B1 /* Products */ = {
			isa = PBXGroup;
			children = (
				04428AFC26979A5300DEB5B1 /* Flixster.app */,
				04428B1226979A5400DEB5B1 /* FlixsterTests.xctest */,
				04428B1D26979A5400DEB5B1 /* FlixsterUITests.xctest */,
			);
			name = Products;
			sourceTree = "<group>";
		};
		04428AFE26979A5300DEB5B1 /* Flixster */ = {
			isa = PBXGroup;
			children = (
				04428AFF26979A5300DEB5B1 /* AppDelegate.swift */,
				04428B0126979A5300DEB5B1 /* SceneDelegate.swift */,
				04428B2F2698F37B00DEB5B1 /* MoviesViewController.swift */,
				04428B0526979A5300DEB5B1 /* Main.storyboard */,
				04428B312698FB5500DEB5B1 /* MovieCell.swift */,
				04428B0826979A5400DEB5B1 /* Assets.xcassets */,
				04428B0A26979A5400DEB5B1 /* LaunchScreen.storyboard */,
				04428B0D26979A5400DEB5B1 /* Info.plist */,
			);
			path = Flixster;
			sourceTree = "<group>";
		};
		04428B1526979A5400DEB5B1 /* FlixsterTests */ = {
			isa = PBXGroup;
			children = (
				04428B1626979A5400DEB5B1 /* FlixsterTests.swift */,
				04428B1826979A5400DEB5B1 /* Info.plist */,
			);
			path = FlixsterTests;
			sourceTree = "<group>";
		};
		04428B2026979A5400DEB5B1 /* FlixsterUITests */ = {
			isa = PBXGroup;
			children = (
				04428B2126979A5400DEB5B1 /* FlixsterUITests.swift */,
				04428B2326979A5400DEB5B1 /* Info.plist */,
			);
			path = FlixsterUITests;
			sourceTree = "<group>";
		};
		4899E4506F59322EB24AD540 /* Frameworks */ = {
			isa = PBXGroup;
			children = (
				ACF9DCB95525879A4253D0D8 /* Pods_Flixster.framework */,
				3B5616F258E8C60C55897343 /* Pods_Flixster_FlixsterUITests.framework */,
				BA52048CC19EE9A66BA5A37D /* Pods_FlixsterTests.framework */,
			);
			name = Frameworks;
			sourceTree = "<group>";
		};
		F00F4AD384FB5B9C10D9D13B /* Pods */ = {
			isa = PBXGroup;
			children = (
				12A9782B31DA43B8829032C1 /* Pods-Flixster.debug.xcconfig */,
				05201354D826A8BFDC709FE8 /* Pods-Flixster.release.xcconfig */,
				F2BB6E766AE21E75200403DA /* Pods-Flixster-FlixsterUITests.debug.xcconfig */,
				4B823F4EF25201266E99BB9F /* Pods-Flixster-FlixsterUITests.release.xcconfig */,
				F550C5B839A7E5FBC6CC509E /* Pods-FlixsterTests.debug.xcconfig */,
				E006557D1B5E1EEEC34DC0AB /* Pods-FlixsterTests.release.xcconfig */,
			);
			name = Pods;
			path = Pods;
			sourceTree = "<group>";
		};
/* End PBXGroup section */

/* Begin PBXNativeTarget section */
		04428AFB26979A5300DEB5B1 /* Flixster */ = {
			isa = PBXNativeTarget;
			buildConfigurationList = 04428B2626979A5400DEB5B1 /* Build configuration list for PBXNativeTarget "Flixster" */;
			buildPhases = (
				4495D9163E1B77C81097056D /* [CP] Check Pods Manifest.lock */,
				04428AF826979A5300DEB5B1 /* Sources */,
				04428AF926979A5300DEB5B1 /* Frameworks */,
				04428AFA26979A5300DEB5B1 /* Resources */,
				4B63B3C2E3E2C0A5F87B04C7 /* [CP] Embed Pods Frameworks */,
			);
			buildRules = (
			);
			dependencies = (
			);
			name = Flixster;
			packageProductDependencies = (
				04428B342698FE1B00DEB5B1 /* AlamofireImage */,
			);
			productName = Flixster;
			productReference = 04428AFC26979A5300DEB5B1 /* Flixster.app */;
			productType = "com.apple.product-type.application";
		};
		04428B1126979A5400DEB5B1 /* FlixsterTests */ = {
			isa = PBXNativeTarget;
			buildConfigurationList = 04428B2926979A5400DEB5B1 /* Build configuration list for PBXNativeTarget "FlixsterTests" */;
			buildPhases = (
				FD0D6E17AE18CFCE97FA0CCF /* [CP] Check Pods Manifest.lock */,
				04428B0E26979A5400DEB5B1 /* Sources */,
				04428B0F26979A5400DEB5B1 /* Frameworks */,
				04428B1026979A5400DEB5B1 /* Resources */,
			);
			buildRules = (
			);
			dependencies = (
				04428B1426979A5400DEB5B1 /* PBXTargetDependency */,
			);
			name = FlixsterTests;
			productName = FlixsterTests;
			productReference = 04428B1226979A5400DEB5B1 /* FlixsterTests.xctest */;
			productType = "com.apple.product-type.bundle.unit-test";
		};
		04428B1C26979A5400DEB5B1 /* FlixsterUITests */ = {
			isa = PBXNativeTarget;
			buildConfigurationList = 04428B2C26979A5400DEB5B1 /* Build configuration list for PBXNativeTarget "FlixsterUITests" */;
			buildPhases = (
				F03224D60E69FA1A85B7FCE4 /* [CP] Check Pods Manifest.lock */,
				04428B1926979A5400DEB5B1 /* Sources */,
				04428B1A26979A5400DEB5B1 /* Frameworks */,
				04428B1B26979A5400DEB5B1 /* Resources */,
				6614FE27048E26AB65ACEC22 /* [CP] Embed Pods Frameworks */,
			);
			buildRules = (
			);
			dependencies = (
				04428B1F26979A5400DEB5B1 /* PBXTargetDependency */,
			);
			name = FlixsterUITests;
			productName = FlixsterUITests;
			productReference = 04428B1D26979A5400DEB5B1 /* FlixsterUITests.xctest */;
			productType = "com.apple.product-type.bundle.ui-testing";
		};
/* End PBXNativeTarget section */

/* Begin PBXProject section */
		04428AF426979A5300DEB5B1 /* Project object */ = {
			isa = PBXProject;
			attributes = {
				LastSwiftUpdateCheck = 1250;
				LastUpgradeCheck = 1250;
				TargetAttributes = {
					04428AFB26979A5300DEB5B1 = {
						CreatedOnToolsVersion = 12.5;
					};
					04428B1126979A5400DEB5B1 = {
						CreatedOnToolsVersion = 12.5;
						TestTargetID = 04428AFB26979A5300DEB5B1;
					};
					04428B1C26979A5400DEB5B1 = {
						CreatedOnToolsVersion = 12.5;
						TestTargetID = 04428AFB26979A5300DEB5B1;
					};
				};
			};
			buildConfigurationList = 04428AF726979A5300DEB5B1 /* Build configuration list for PBXProject "Flixster" */;
			compatibilityVersion = "Xcode 9.3";
			developmentRegion = en;
			hasScannedForEncodings = 0;
			knownRegions = (
				en,
				Base,
			);
			mainGroup = 04428AF326979A5300DEB5B1;
			packageReferences = (
				04428B332698FE1B00DEB5B1 /* XCRemoteSwiftPackageReference "AlamofireImage" */,
			);
			productRefGroup = 04428AFD26979A5300DEB5B1 /* Products */;
			projectDirPath = "";
			projectRoot = "";
			targets = (
				04428AFB26979A5300DEB5B1 /* Flixster */,
				04428B1126979A5400DEB5B1 /* FlixsterTests */,
				04428B1C26979A5400DEB5B1 /* FlixsterUITests */,
			);
		};
/* End PBXProject section */

/* Begin PBXResourcesBuildPhase section */
		04428AFA26979A5300DEB5B1 /* Resources */ = {
			isa = PBXResourcesBuildPhase;
			buildActionMask = 2147483647;
			files = (
				04428B0C26979A5400DEB5B1 /* LaunchScreen.storyboard in Resources */,
				04428B0926979A5400DEB5B1 /* Assets.xcassets in Resources */,
				04428B0726979A5300DEB5B1 /* Main.storyboard in Resources */,
			);
			runOnlyForDeploymentPostprocessing = 0;
		};
		04428B1026979A5400DEB5B1 /* Resources */ = {
			isa = PBXResourcesBuildPhase;
			buildActionMask = 2147483647;
			files = (
			);
			runOnlyForDeploymentPostprocessing = 0;
		};
		04428B1B26979A5400DEB5B1 /* Resources */ = {
			isa = PBXResourcesBuildPhase;
			buildActionMask = 2147483647;
			files = (
			);
			runOnlyForDeploymentPostprocessing = 0;
		};
/* End PBXResourcesBuildPhase section */

/* Begin PBXShellScriptBuildPhase section */
		4495D9163E1B77C81097056D /* [CP] Check Pods Manifest.lock */ = {
			isa = PBXShellScriptBuildPhase;
			buildActionMask = 2147483647;
			files = (
			);
			inputFileListPaths = (
			);
			inputPaths = (
				"${PODS_PODFILE_DIR_PATH}/Podfile.lock",
				"${PODS_ROOT}/Manifest.lock",
			);
			name = "[CP] Check Pods Manifest.lock";
			outputFileListPaths = (
			);
			outputPaths = (
				"$(DERIVED_FILE_DIR)/Pods-Flixster-checkManifestLockResult.txt",
			);
			runOnlyForDeploymentPostprocessing = 0;
			shellPath = /bin/sh;
			shellScript = "diff \"${PODS_PODFILE_DIR_PATH}/Podfile.lock\" \"${PODS_ROOT}/Manifest.lock\" > /dev/null\nif [ $? != 0 ] ; then\n    # print error to STDERR\n    echo \"error: The sandbox is not in sync with the Podfile.lock. Run 'pod install' or update your CocoaPods installation.\" >&2\n    exit 1\nfi\n# This output is used by Xcode 'outputs' to avoid re-running this script phase.\necho \"SUCCESS\" > \"${SCRIPT_OUTPUT_FILE_0}\"\n";
			showEnvVarsInLog = 0;
		};
		4B63B3C2E3E2C0A5F87B04C7 /* [CP] Embed Pods Frameworks */ = {
			isa = PBXShellScriptBuildPhase;
			buildActionMask = 2147483647;
			files = (
			);
			inputFileListPaths = (
				"${PODS_ROOT}/Target Support Files/Pods-Flixster/Pods-Flixster-frameworks-${CONFIGURATION}-input-files.xcfilelist",
			);
			name = "[CP] Embed Pods Frameworks";
			outputFileListPaths = (
				"${PODS_ROOT}/Target Support Files/Pods-Flixster/Pods-Flixster-frameworks-${CONFIGURATION}-output-files.xcfilelist",
			);
			runOnlyForDeploymentPostprocessing = 0;
			shellPath = /bin/sh;
			shellScript = "\"${PODS_ROOT}/Target Support Files/Pods-Flixster/Pods-Flixster-frameworks.sh\"\n";
			showEnvVarsInLog = 0;
		};
		6614FE27048E26AB65ACEC22 /* [CP] Embed Pods Frameworks */ = {
			isa = PBXShellScriptBuildPhase;
			buildActionMask = 2147483647;
			files = (
			);
			inputFileListPaths = (
				"${PODS_ROOT}/Target Support Files/Pods-Flixster-FlixsterUITests/Pods-Flixster-FlixsterUITests-frameworks-${CONFIGURATION}-input-files.xcfilelist",
			);
			name = "[CP] Embed Pods Frameworks";
			outputFileListPaths = (
				"${PODS_ROOT}/Target Support Files/Pods-Flixster-FlixsterUITests/Pods-Flixster-FlixsterUITests-frameworks-${CONFIGURATION}-output-files.xcfilelist",
			);
			runOnlyForDeploymentPostprocessing = 0;
			shellPath = /bin/sh;
			shellScript = "\"${PODS_ROOT}/Target Support Files/Pods-Flixster-FlixsterUITests/Pods-Flixster-FlixsterUITests-frameworks.sh\"\n";
			showEnvVarsInLog = 0;
		};
		F03224D60E69FA1A85B7FCE4 /* [CP] Check Pods Manifest.lock */ = {
			isa = PBXShellScriptBuildPhase;
			buildActionMask = 2147483647;
			files = (
			);
			inputFileListPaths = (
			);
			inputPaths = (
				"${PODS_PODFILE_DIR_PATH}/Podfile.lock",
				"${PODS_ROOT}/Manifest.lock",
			);
			name = "[CP] Check Pods Manifest.lock";
			outputFileListPaths = (
			);
			outputPaths = (
				"$(DERIVED_FILE_DIR)/Pods-Flixster-FlixsterUITests-checkManifestLockResult.txt",
			);
			runOnlyForDeploymentPostprocessing = 0;
			shellPath = /bin/sh;
			shellScript = "diff \"${PODS_PODFILE_DIR_PATH}/Podfile.lock\" \"${PODS_ROOT}/Manifest.lock\" > /dev/null\nif [ $? != 0 ] ; then\n    # print error to STDERR\n    echo \"error: The sandbox is not in sync with the Podfile.lock. Run 'pod install' or update your CocoaPods installation.\" >&2\n    exit 1\nfi\n# This output is used by Xcode 'outputs' to avoid re-running this script phase.\necho \"SUCCESS\" > \"${SCRIPT_OUTPUT_FILE_0}\"\n";
			showEnvVarsInLog = 0;
		};
		FD0D6E17AE18CFCE97FA0CCF /* [CP] Check Pods Manifest.lock */ = {
			isa = PBXShellScriptBuildPhase;
			buildActionMask = 2147483647;
			files = (
			);
			inputFileListPaths = (
			);
			inputPaths = (
				"${PODS_PODFILE_DIR_PATH}/Podfile.lock",
				"${PODS_ROOT}/Manifest.lock",
			);
			name = "[CP] Check Pods Manifest.lock";
			outputFileListPaths = (
			);
			outputPaths = (
				"$(DERIVED_FILE_DIR)/Pods-FlixsterTests-checkManifestLockResult.txt",
			);
			runOnlyForDeploymentPostprocessing = 0;
			shellPath = /bin/sh;
			shellScript = "diff \"${PODS_PODFILE_DIR_PATH}/Podfile.lock\" \"${PODS_ROOT}/Manifest.lock\" > /dev/null\nif [ $? != 0 ] ; then\n    # print error to STDERR\n    echo \"error: The sandbox is not in sync with the Podfile.lock. Run 'pod install' or update your CocoaPods installation.\" >&2\n    exit 1\nfi\n# This output is used by Xcode 'outputs' to avoid re-running this script phase.\necho \"SUCCESS\" > \"${SCRIPT_OUTPUT_FILE_0}\"\n";
			showEnvVarsInLog = 0;
		};
/* End PBXShellScriptBuildPhase section */

/* Begin PBXSourcesBuildPhase section */
		04428AF826979A5300DEB5B1 /* Sources */ = {
			isa = PBXSourcesBuildPhase;
			buildActionMask = 2147483647;
			files = (
				04428B0026979A5300DEB5B1 /* AppDelegate.swift in Sources */,
				04428B0226979A5300DEB5B1 /* SceneDelegate.swift in Sources */,
				04428B322698FB5500DEB5B1 /* MovieCell.swift in Sources */,
				04428B302698F37B00DEB5B1 /* MoviesViewController.swift in Sources */,
			);
			runOnlyForDeploymentPostprocessing = 0;
		};
		04428B0E26979A5400DEB5B1 /* Sources */ = {
			isa = PBXSourcesBuildPhase;
			buildActionMask = 2147483647;
			files = (
				04428B1726979A5400DEB5B1 /* FlixsterTests.swift in Sources */,
			);
			runOnlyForDeploymentPostprocessing = 0;
		};
		04428B1926979A5400DEB5B1 /* Sources */ = {
			isa = PBXSourcesBuildPhase;
			buildActionMask = 2147483647;
			files = (
				04428B2226979A5400DEB5B1 /* FlixsterUITests.swift in Sources */,
			);
			runOnlyForDeploymentPostprocessing = 0;
		};
/* End PBXSourcesBuildPhase section */

/* Begin PBXTargetDependency section */
		04428B1426979A5400DEB5B1 /* PBXTargetDependency */ = {
			isa = PBXTargetDependency;
			target = 04428AFB26979A5300DEB5B1 /* Flixster */;
			targetProxy = 04428B1326979A5400DEB5B1 /* PBXContainerItemProxy */;
		};
		04428B1F26979A5400DEB5B1 /* PBXTargetDependency */ = {
			isa = PBXTargetDependency;
			target = 04428AFB26979A5300DEB5B1 /* Flixster */;
			targetProxy = 04428B1E26979A5400DEB5B1 /* PBXContainerItemProxy */;
		};
/* End PBXTargetDependency section */

/* Begin PBXVariantGroup section */
		04428B0526979A5300DEB5B1 /* Main.storyboard */ = {
			isa = PBXVariantGroup;
			children = (
				04428B0626979A5300DEB5B1 /* Base */,
			);
			name = Main.storyboard;
			sourceTree = "<group>";
		};
		04428B0A26979A5400DEB5B1 /* LaunchScreen.storyboard */ = {
			isa = PBXVariantGroup;
			children = (
				04428B0B26979A5400DEB5B1 /* Base */,
			);
			name = LaunchScreen.storyboard;
			sourceTree = "<group>";
		};
/* End PBXVariantGroup section */

/* Begin XCBuildConfiguration section */
		04428B2426979A5400DEB5B1 /* Debug */ = {
			isa = XCBuildConfiguration;
			buildSettings = {
				ALWAYS_SEARCH_USER_PATHS = NO;
				CLANG_ANALYZER_NONNULL = YES;
				CLANG_ANALYZER_NUMBER_OBJECT_CONVERSION = YES_AGGRESSIVE;
				CLANG_CXX_LANGUAGE_STANDARD = "gnu++14";
				CLANG_CXX_LIBRARY = "libc++";
				CLANG_ENABLE_MODULES = YES;
				CLANG_ENABLE_OBJC_ARC = YES;
				CLANG_ENABLE_OBJC_WEAK = YES;
				CLANG_WARN_BLOCK_CAPTURE_AUTORELEASING = YES;
				CLANG_WARN_BOOL_CONVERSION = YES;
				CLANG_WARN_COMMA = YES;
				CLANG_WARN_CONSTANT_CONVERSION = YES;
				CLANG_WARN_DEPRECATED_OBJC_IMPLEMENTATIONS = YES;
				CLANG_WARN_DIRECT_OBJC_ISA_USAGE = YES_ERROR;
				CLANG_WARN_DOCUMENTATION_COMMENTS = YES;
				CLANG_WARN_EMPTY_BODY = YES;
				CLANG_WARN_ENUM_CONVERSION = YES;
				CLANG_WARN_INFINITE_RECURSION = YES;
				CLANG_WARN_INT_CONVERSION = YES;
				CLANG_WARN_NON_LITERAL_NULL_CONVERSION = YES;
				CLANG_WARN_OBJC_IMPLICIT_RETAIN_SELF = YES;
				CLANG_WARN_OBJC_LITERAL_CONVERSION = YES;
				CLANG_WARN_OBJC_ROOT_CLASS = YES_ERROR;
				CLANG_WARN_QUOTED_INCLUDE_IN_FRAMEWORK_HEADER = YES;
				CLANG_WARN_RANGE_LOOP_ANALYSIS = YES;
				CLANG_WARN_STRICT_PROTOTYPES = YES;
				CLANG_WARN_SUSPICIOUS_MOVE = YES;
				CLANG_WARN_UNGUARDED_AVAILABILITY = YES_AGGRESSIVE;
				CLANG_WARN_UNREACHABLE_CODE = YES;
				CLANG_WARN__DUPLICATE_METHOD_MATCH = YES;
				COPY_PHASE_STRIP = NO;
				DEBUG_INFORMATION_FORMAT = dwarf;
				ENABLE_STRICT_OBJC_MSGSEND = YES;
				ENABLE_TESTABILITY = YES;
				GCC_C_LANGUAGE_STANDARD = gnu11;
				GCC_DYNAMIC_NO_PIC = NO;
				GCC_NO_COMMON_BLOCKS = YES;
				GCC_OPTIMIZATION_LEVEL = 0;
				GCC_PREPROCESSOR_DEFINITIONS = (
					"DEBUG=1",
					"$(inherited)",
				);
				GCC_WARN_64_TO_32_BIT_CONVERSION = YES;
				GCC_WARN_ABOUT_RETURN_TYPE = YES_ERROR;
				GCC_WARN_UNDECLARED_SELECTOR = YES;
				GCC_WARN_UNINITIALIZED_AUTOS = YES_AGGRESSIVE;
				GCC_WARN_UNUSED_FUNCTION = YES;
				GCC_WARN_UNUSED_VARIABLE = YES;
				IPHONEOS_DEPLOYMENT_TARGET = 14.5;
				MTL_ENABLE_DEBUG_INFO = INCLUDE_SOURCE;
				MTL_FAST_MATH = YES;
				ONLY_ACTIVE_ARCH = YES;
				SDKROOT = iphoneos;
				SWIFT_ACTIVE_COMPILATION_CONDITIONS = DEBUG;
				SWIFT_OPTIMIZATION_LEVEL = "-Onone";
			};
			name = Debug;
		};
		04428B2526979A5400DEB5B1 /* Release */ = {
			isa = XCBuildConfiguration;
			buildSettings = {
				ALWAYS_SEARCH_USER_PATHS = NO;
				CLANG_ANALYZER_NONNULL = YES;
				CLANG_ANALYZER_NUMBER_OBJECT_CONVERSION = YES_AGGRESSIVE;
				CLANG_CXX_LANGUAGE_STANDARD = "gnu++14";
				CLANG_CXX_LIBRARY = "libc++";
				CLANG_ENABLE_MODULES = YES;
				CLANG_ENABLE_OBJC_ARC = YES;
				CLANG_ENABLE_OBJC_WEAK = YES;
				CLANG_WARN_BLOCK_CAPTURE_AUTORELEASING = YES;
				CLANG_WARN_BOOL_CONVERSION = YES;
				CLANG_WARN_COMMA = YES;
				CLANG_WARN_CONSTANT_CONVERSION = YES;
				CLANG_WARN_DEPRECATED_OBJC_IMPLEMENTATIONS = YES;
				CLANG_WARN_DIRECT_OBJC_ISA_USAGE = YES_ERROR;
				CLANG_WARN_DOCUMENTATION_COMMENTS = YES;
				CLANG_WARN_EMPTY_BODY = YES;
				CLANG_WARN_ENUM_CONVERSION = YES;
				CLANG_WARN_INFINITE_RECURSION = YES;
				CLANG_WARN_INT_CONVERSION = YES;
				CLANG_WARN_NON_LITERAL_NULL_CONVERSION = YES;
				CLANG_WARN_OBJC_IMPLICIT_RETAIN_SELF = YES;
				CLANG_WARN_OBJC_LITERAL_CONVERSION = YES;
				CLANG_WARN_OBJC_ROOT_CLASS = YES_ERROR;
				CLANG_WARN_QUOTED_INCLUDE_IN_FRAMEWORK_HEADER = YES;
				CLANG_WARN_RANGE_LOOP_ANALYSIS = YES;
				CLANG_WARN_STRICT_PROTOTYPES = YES;
				CLANG_WARN_SUSPICIOUS_MOVE = YES;
				CLANG_WARN_UNGUARDED_AVAILABILITY = YES_AGGRESSIVE;
				CLANG_WARN_UNREACHABLE_CODE = YES;
				CLANG_WARN__DUPLICATE_METHOD_MATCH = YES;
				COPY_PHASE_STRIP = NO;
				DEBUG_INFORMATION_FORMAT = "dwarf-with-dsym";
				ENABLE_NS_ASSERTIONS = NO;
				ENABLE_STRICT_OBJC_MSGSEND = YES;
				GCC_C_LANGUAGE_STANDARD = gnu11;
				GCC_NO_COMMON_BLOCKS = YES;
				GCC_WARN_64_TO_32_BIT_CONVERSION = YES;
				GCC_WARN_ABOUT_RETURN_TYPE = YES_ERROR;
				GCC_WARN_UNDECLARED_SELECTOR = YES;
				GCC_WARN_UNINITIALIZED_AUTOS = YES_AGGRESSIVE;
				GCC_WARN_UNUSED_FUNCTION = YES;
				GCC_WARN_UNUSED_VARIABLE = YES;
				IPHONEOS_DEPLOYMENT_TARGET = 14.5;
				MTL_ENABLE_DEBUG_INFO = NO;
				MTL_FAST_MATH = YES;
				SDKROOT = iphoneos;
				SWIFT_COMPILATION_MODE = wholemodule;
				SWIFT_OPTIMIZATION_LEVEL = "-O";
				VALIDATE_PRODUCT = YES;
			};
			name = Release;
		};
		04428B2726979A5400DEB5B1 /* Debug */ = {
			isa = XCBuildConfiguration;
			baseConfigurationReference = 12A9782B31DA43B8829032C1 /* Pods-Flixster.debug.xcconfig */;
			buildSettings = {
				ASSETCATALOG_COMPILER_APPICON_NAME = AppIcon;
				ASSETCATALOG_COMPILER_GLOBAL_ACCENT_COLOR_NAME = AccentColor;
				CODE_SIGN_STYLE = Automatic;
				DEVELOPMENT_TEAM = 29D6C49AKN;
				INFOPLIST_FILE = Flixster/Info.plist;
				LD_RUNPATH_SEARCH_PATHS = (
					"$(inherited)",
					"@executable_path/Frameworks",
				);
				PRODUCT_BUNDLE_IDENTIFIER = com.mihirsuvarna.Flixster;
				PRODUCT_NAME = "$(TARGET_NAME)";
				SWIFT_VERSION = 5.0;
				TARGETED_DEVICE_FAMILY = "1,2";
			};
			name = Debug;
		};
		04428B2826979A5400DEB5B1 /* Release */ = {
			isa = XCBuildConfiguration;
			baseConfigurationReference = 05201354D826A8BFDC709FE8 /* Pods-Flixster.release.xcconfig */;
			buildSettings = {
				ASSETCATALOG_COMPILER_APPICON_NAME = AppIcon;
				ASSETCATALOG_COMPILER_GLOBAL_ACCENT_COLOR_NAME = AccentColor;
				CODE_SIGN_STYLE = Automatic;
				DEVELOPMENT_TEAM = 29D6C49AKN;
				INFOPLIST_FILE = Flixster/Info.plist;
				LD_RUNPATH_SEARCH_PATHS = (
					"$(inherited)",
					"@executable_path/Frameworks",
				);
				PRODUCT_BUNDLE_IDENTIFIER = com.mihirsuvarna.Flixster;
				PRODUCT_NAME = "$(TARGET_NAME)";
				SWIFT_VERSION = 5.0;
				TARGETED_DEVICE_FAMILY = "1,2";
			};
			name = Release;
		};
		04428B2A26979A5400DEB5B1 /* Debug */ = {
			isa = XCBuildConfiguration;
			baseConfigurationReference = F550C5B839A7E5FBC6CC509E /* Pods-FlixsterTests.debug.xcconfig */;
			buildSettings = {
				ALWAYS_EMBED_SWIFT_STANDARD_LIBRARIES = YES;
				BUNDLE_LOADER = "$(TEST_HOST)";
				CODE_SIGN_STYLE = Automatic;
				DEVELOPMENT_TEAM = 29D6C49AKN;
				INFOPLIST_FILE = FlixsterTests/Info.plist;
				IPHONEOS_DEPLOYMENT_TARGET = 14.5;
				LD_RUNPATH_SEARCH_PATHS = (
					"$(inherited)",
					"@executable_path/Frameworks",
					"@loader_path/Frameworks",
				);
				PRODUCT_BUNDLE_IDENTIFIER = com.mihirsuvarna.FlixsterTests;
				PRODUCT_NAME = "$(TARGET_NAME)";
				SWIFT_VERSION = 5.0;
				TARGETED_DEVICE_FAMILY = "1,2";
				TEST_HOST = "$(BUILT_PRODUCTS_DIR)/Flixster.app/Flixster";
			};
			name = Debug;
		};
		04428B2B26979A5400DEB5B1 /* Release */ = {
			isa = XCBuildConfiguration;
			baseConfigurationReference = E006557D1B5E1EEEC34DC0AB /* Pods-FlixsterTests.release.xcconfig */;
			buildSettings = {
				ALWAYS_EMBED_SWIFT_STANDARD_LIBRARIES = YES;
				BUNDLE_LOADER = "$(TEST_HOST)";
				CODE_SIGN_STYLE = Automatic;
				DEVELOPMENT_TEAM = 29D6C49AKN;
				INFOPLIST_FILE = FlixsterTests/Info.plist;
				IPHONEOS_DEPLOYMENT_TARGET = 14.5;
				LD_RUNPATH_SEARCH_PATHS = (
					"$(inherited)",
					"@executable_path/Frameworks",
					"@loader_path/Frameworks",
				);
				PRODUCT_BUNDLE_IDENTIFIER = com.mihirsuvarna.FlixsterTests;
				PRODUCT_NAME = "$(TARGET_NAME)";
				SWIFT_VERSION = 5.0;
				TARGETED_DEVICE_FAMILY = "1,2";
				TEST_HOST = "$(BUILT_PRODUCTS_DIR)/Flixster.app/Flixster";
			};
			name = Release;
		};
		04428B2D26979A5400DEB5B1 /* Debug */ = {
			isa = XCBuildConfiguration;
			baseConfigurationReference = F2BB6E766AE21E75200403DA /* Pods-Flixster-FlixsterUITests.debug.xcconfig */;
			buildSettings = {
				ALWAYS_EMBED_SWIFT_STANDARD_LIBRARIES = YES;
				CODE_SIGN_STYLE = Automatic;
				DEVELOPMENT_TEAM = 29D6C49AKN;
				INFOPLIST_FILE = FlixsterUITests/Info.plist;
				LD_RUNPATH_SEARCH_PATHS = (
					"$(inherited)",
					"@executable_path/Frameworks",
					"@loader_path/Frameworks",
				);
				PRODUCT_BUNDLE_IDENTIFIER = com.mihirsuvarna.FlixsterUITests;
				PRODUCT_NAME = "$(TARGET_NAME)";
				SWIFT_VERSION = 5.0;
				TARGETED_DEVICE_FAMILY = "1,2";
				TEST_TARGET_NAME = Flixster;
			};
			name = Debug;
		};
		04428B2E26979A5400DEB5B1 /* Release */ = {
			isa = XCBuildConfiguration;
			baseConfigurationReference = 4B823F4EF25201266E99BB9F /* Pods-Flixster-FlixsterUITests.release.xcconfig */;
			buildSettings = {
				ALWAYS_EMBED_SWIFT_STANDARD_LIBRARIES = YES;
				CODE_SIGN_STYLE = Automatic;
				DEVELOPMENT_TEAM = 29D6C49AKN;
				INFOPLIST_FILE = FlixsterUITests/Info.plist;
				LD_RUNPATH_SEARCH_PATHS = (
					"$(inherited)",
					"@executable_path/Frameworks",
					"@loader_path/Frameworks",
				);
				PRODUCT_BUNDLE_IDENTIFIER = com.mihirsuvarna.FlixsterUITests;
				PRODUCT_NAME = "$(TARGET_NAME)";
				SWIFT_VERSION = 5.0;
				TARGETED_DEVICE_FAMILY = "1,2";
				TEST_TARGET_NAME = Flixster;
			};
			name = Release;
		};
/* End XCBuildConfiguration section */

/* Begin XCConfigurationList section */
		04428AF726979A5300DEB5B1 /* Build configuration list for PBXProject "Flixster" */ = {
			isa = XCConfigurationList;
			buildConfigurations = (
				04428B2426979A5400DEB5B1 /* Debug */,
				04428B2526979A5400DEB5B1 /* Release */,
			);
			defaultConfigurationIsVisible = 0;
			defaultConfigurationName = Release;
		};
		04428B2626979A5400DEB5B1 /* Build configuration list for PBXNativeTarget "Flixster" */ = {
			isa = XCConfigurationList;
			buildConfigurations = (
				04428B2726979A5400DEB5B1 /* Debug */,
				04428B2826979A5400DEB5B1 /* Release */,
			);
			defaultConfigurationIsVisible = 0;
			defaultConfigurationName = Release;
		};
		04428B2926979A5400DEB5B1 /* Build configuration list for PBXNativeTarget "FlixsterTests" */ = {
			isa = XCConfigurationList;
			buildConfigurations = (
				04428B2A26979A5400DEB5B1 /* Debug */,
				04428B2B26979A5400DEB5B1 /* Release */,
			);
			defaultConfigurationIsVisible = 0;
			defaultConfigurationName = Release;
		};
		04428B2C26979A5400DEB5B1 /* Build configuration list for PBXNativeTarget "FlixsterUITests" */ = {
			isa = XCConfigurationList;
			buildConfigurations = (
				04428B2D26979A5400DEB5B1 /* Debug */,
				04428B2E26979A5400DEB5B1 /* Release */,
			);
			defaultConfigurationIsVisible = 0;
			defaultConfigurationName = Release;
		};
/* End XCConfigurationList section */

/* Begin XCRemoteSwiftPackageReference section */
		04428B332698FE1B00DEB5B1 /* XCRemoteSwiftPackageReference "AlamofireImage" */ = {
			isa = XCRemoteSwiftPackageReference;
			repositoryURL = "https://github.com/Alamofire/AlamofireImage";
			requirement = {
				kind = upToNextMajorVersion;
				minimumVersion = 4.2.0;
			};
		};
/* End XCRemoteSwiftPackageReference section */

/* Begin XCSwiftPackageProductDependency section */
		04428B342698FE1B00DEB5B1 /* AlamofireImage */ = {
			isa = XCSwiftPackageProductDependency;
			package = 04428B332698FE1B00DEB5B1 /* XCRemoteSwiftPackageReference "AlamofireImage" */;
			productName = AlamofireImage;
		};
/* End XCSwiftPackageProductDependency section */
	};
	rootObject = 04428AF426979A5300DEB5B1 /* Project object */;
}
